
Microsoft Visual Studio Solution File, Format Version 12.00
# Visual Studio Version 17
VisualStudioVersion = 17.9.34728.123
MinimumVisualStudioVersion = 10.0.40219.1
Project("{FAE04EC0-301F-11D3-BF4B-00C04F79EFBC}") = "Bai19", "Bai19\Bai19.csproj", "{A761D716-29AC-40DA-B206-C3A4BBA6BAD3}"
EndProject
Global
	GlobalSection(SolutionConfigurationPlatforms) = preSolution
		Debug|Any CPU = Debug|Any CPU
		Release|Any CPU = Release|Any CPU
	EndGlobalSection
	GlobalSection(ProjectConfigurationPlatforms) = postSolution
		{A761D716-29AC-40DA-B206-C3A4BBA6BAD3}.Debug|Any CPU.ActiveCfg = Debug|Any CPU
		{A761D716-29AC-40DA-B206-C3A4BBA6BAD3}.Debug|Any CPU.Build.0 = Debug|Any CPU
		{A761D716-29AC-40DA-B206-C3A4BBA6BAD3}.Release|Any CPU.ActiveCfg = Release|Any CPU
		{A761D716-29AC-40DA-B206-C3A4BBA6BAD3}.Release|Any CPU.Build.0 = Release|Any CPU
	EndGlobalSection
	GlobalSection(SolutionProperties) = preSolution
		HideSolutionNode = FALSE
	EndGlobalSection
	GlobalSection(ExtensibilityGlobals) = postSolution
		SolutionGuid = {188E2571-BF67-4F04-A0FB-14D5FC34A4D3}
	EndGlobalSection
EndGlobal
