
Microsoft Visual Studio Solution File, Format Version 12.00
# Visual Studio Version 17
VisualStudioVersion = 17.9.34728.123
MinimumVisualStudioVersion = 10.0.40219.1
Project("{FAE04EC0-301F-11D3-BF4B-00C04F79EFBC}") = "Bai22", "Bai22\Bai22.csproj", "{CD0F45D9-7CEC-4AAD-966F-DA6012C9552E}"
EndProject
Global
	GlobalSection(SolutionConfigurationPlatforms) = preSolution
		Debug|Any CPU = Debug|Any CPU
		Release|Any CPU = Release|Any CPU
	EndGlobalSection
	GlobalSection(ProjectConfigurationPlatforms) = postSolution
		{CD0F45D9-7CEC-4AAD-966F-DA6012C9552E}.Debug|Any CPU.ActiveCfg = Debug|Any CPU
		{CD0F45D9-7CEC-4AAD-966F-DA6012C9552E}.Debug|Any CPU.Build.0 = Debug|Any CPU
		{CD0F45D9-7CEC-4AAD-966F-DA6012C9552E}.Release|Any CPU.ActiveCfg = Release|Any CPU
		{CD0F45D9-7CEC-4AAD-966F-DA6012C9552E}.Release|Any CPU.Build.0 = Release|Any CPU
	EndGlobalSection
	GlobalSection(SolutionProperties) = preSolution
		HideSolutionNode = FALSE
	EndGlobalSection
	GlobalSection(ExtensibilityGlobals) = postSolution
		SolutionGuid = {11B4F543-017A-4D3F-A4C9-508B8212E218}
	EndGlobalSection
EndGlobal
