
Microsoft Visual Studio Solution File, Format Version 12.00
# Visual Studio Version 17
VisualStudioVersion = 17.9.34728.123
MinimumVisualStudioVersion = 10.0.40219.1
Project("{FAE04EC0-301F-11D3-BF4B-00C04F79EFBC}") = "Bai16", "Bai16\Bai16.csproj", "{A774D2C1-2348-4CD3-8BDB-46431E4629D8}"
EndProject
Global
	GlobalSection(SolutionConfigurationPlatforms) = preSolution
		Debug|Any CPU = Debug|Any CPU
		Release|Any CPU = Release|Any CPU
	EndGlobalSection
	GlobalSection(ProjectConfigurationPlatforms) = postSolution
		{A774D2C1-2348-4CD3-8BDB-46431E4629D8}.Debug|Any CPU.ActiveCfg = Debug|Any CPU
		{A774D2C1-2348-4CD3-8BDB-46431E4629D8}.Debug|Any CPU.Build.0 = Debug|Any CPU
		{A774D2C1-2348-4CD3-8BDB-46431E4629D8}.Release|Any CPU.ActiveCfg = Release|Any CPU
		{A774D2C1-2348-4CD3-8BDB-46431E4629D8}.Release|Any CPU.Build.0 = Release|Any CPU
	EndGlobalSection
	GlobalSection(SolutionProperties) = preSolution
		HideSolutionNode = FALSE
	EndGlobalSection
	GlobalSection(ExtensibilityGlobals) = postSolution
		SolutionGuid = {E6E89F5B-F879-4E7B-BBE9-3EBE924EEEA0}
	EndGlobalSection
EndGlobal
